github.com/Roonil03/Templates_GoLang v0.0.0-20250621055700-fcc37e0dc65b h1:eSDPW7P7IdYWJAIdlG+FftQGHJZtvV24wzleQn9Vq+k=
github.com/Roonil03/Templates_GoLang v0.0.0-20250621055700-fcc37e0dc65b/go.mod h1:r0nmBSOoOzuWPOwNNZw4sJnEe0oZFUkRxKoGKE4v8ik=
github.com/Roonil03/Templates_GoLang v0.0.0-20250621062749-ad00071436c0 h1:Ru3O5hFRW+ellEV8P47fvmtErhNTW01EAclRAiEm7vw=
github.com/Roonil03/Templates_GoLang v0.0.0-20250621062749-ad00071436c0/go.mod h1:GpAtrwa+5Cvz0xZ6UHu9yDIC4KTbdRtLKOzNAcTtDeI=
